
Microsoft Visual Studio Solution File, Format Version 12.00
Project("{FAE04EC0-301F-11D3-BF4B-00C04F79EFBC}") = "TestWebApp", "TestWebApp\TestWebApp.csproj", "{DBF242E9-4026-4443-96D8-A8CBEEF7474F}"
EndProject
Global
	GlobalSection(SolutionConfigurationPlatforms) = preSolution
		Debug|Any CPU = Debug|Any CPU
		Release|Any CPU = Release|Any CPU
	EndGlobalSection
	GlobalSection(ProjectConfigurationPlatforms) = postSolution
		{DBF242E9-4026-4443-96D8-A8CBEEF7474F}.Debug|Any CPU.ActiveCfg = Debug|Any CPU
		{DBF242E9-4026-4443-96D8-A8CBEEF7474F}.Debug|Any CPU.Build.0 = Debug|Any CPU
		{DBF242E9-4026-4443-96D8-A8CBEEF7474F}.Release|Any CPU.ActiveCfg = Release|Any CPU
		{DBF242E9-4026-4443-96D8-A8CBEEF7474F}.Release|Any CPU.Build.0 = Release|Any CPU
	EndGlobalSection
EndGlobal
